
Microsoft Visual Studio Solution File, Format Version 12.00
# Visual Studio Version 17
VisualStudioVersion = 17.3.32901.215
MinimumVisualStudioVersion = 10.0.40219.1
Project("{FAE04EC0-301F-11D3-BF4B-00C04F79EFBC}") = "SkyrimFullStackCrud.Server", "Server\SkyrimFullStackCrud.Server.csproj", "{E26515B4-9BCA-4009-9E00-877B5F00D575}"
EndProject
Project("{FAE04EC0-301F-11D3-BF4B-00C04F79EFBC}") = "SkyrimFullStackCrud.Client", "Client\SkyrimFullStackCrud.Client.csproj", "{7AECA9D1-DAE9-421F-BFC8-3D2266B5D930}"
EndProject
Project("{FAE04EC0-301F-11D3-BF4B-00C04F79EFBC}") = "SkyrimFullStackCrud.Shared", "Shared\SkyrimFullStackCrud.Shared.csproj", "{03DE50D5-1838-453F-AEDF-EE1FBD2DA022}"
EndProject
Global
	GlobalSection(SolutionConfigurationPlatforms) = preSolution
		Debug|Any CPU = Debug|Any CPU
		Release|Any CPU = Release|Any CPU
	EndGlobalSection
	GlobalSection(ProjectConfigurationPlatforms) = postSolution
		{E26515B4-9BCA-4009-9E00-877B5F00D575}.Debug|Any CPU.ActiveCfg = Debug|Any CPU
		{E26515B4-9BCA-4009-9E00-877B5F00D575}.Debug|Any CPU.Build.0 = Debug|Any CPU
		{E26515B4-9BCA-4009-9E00-877B5F00D575}.Release|Any CPU.ActiveCfg = Release|Any CPU
		{E26515B4-9BCA-4009-9E00-877B5F00D575}.Release|Any CPU.Build.0 = Release|Any CPU
		{7AECA9D1-DAE9-421F-BFC8-3D2266B5D930}.Debug|Any CPU.ActiveCfg = Debug|Any CPU
		{7AECA9D1-DAE9-421F-BFC8-3D2266B5D930}.Debug|Any CPU.Build.0 = Debug|Any CPU
		{7AECA9D1-DAE9-421F-BFC8-3D2266B5D930}.Release|Any CPU.ActiveCfg = Release|Any CPU
		{7AECA9D1-DAE9-421F-BFC8-3D2266B5D930}.Release|Any CPU.Build.0 = Release|Any CPU
		{03DE50D5-1838-453F-AEDF-EE1FBD2DA022}.Debug|Any CPU.ActiveCfg = Debug|Any CPU
		{03DE50D5-1838-453F-AEDF-EE1FBD2DA022}.Debug|Any CPU.Build.0 = Debug|Any CPU
		{03DE50D5-1838-453F-AEDF-EE1FBD2DA022}.Release|Any CPU.ActiveCfg = Release|Any CPU
		{03DE50D5-1838-453F-AEDF-EE1FBD2DA022}.Release|Any CPU.Build.0 = Release|Any CPU
	EndGlobalSection
	GlobalSection(SolutionProperties) = preSolution
		HideSolutionNode = FALSE
	EndGlobalSection
	GlobalSection(ExtensibilityGlobals) = postSolution
		SolutionGuid = {0A327A00-D5F7-40FB-8D87-42837F5848B5}
	EndGlobalSection
EndGlobal
